{
  "version": "5",
  "remote": {
    "https://deno.land/std@0.168.0/async/abortable.ts": "80b2ac399f142cc528f95a037a7d0e653296352d95c681e284533765961de409",
    "https://deno.land/std@0.168.0/async/deadline.ts": "2c2deb53c7c28ca1dda7a3ad81e70508b1ebc25db52559de6b8636c9278fd41f",
    "https://deno.land/std@0.168.0/async/debounce.ts": "60301ffb37e730cd2d6f9dadfd0ecb2a38857681bd7aaf6b0a106b06e5210a98",
    "https://deno.land/std@0.168.0/async/deferred.ts": "77d3f84255c3627f1cc88699d8472b664d7635990d5358c4351623e098e917d6",
    "https://deno.land/std@0.168.0/async/delay.ts": "5a9bfba8de38840308a7a33786a0155a7f6c1f7a859558ddcec5fe06e16daf57",
    "https://deno.land/std@0.168.0/async/mod.ts": "7809ad4bb223e40f5fdc043e5c7ca04e0e25eed35c32c3c32e28697c553fa6d9",
    "https://deno.land/std@0.168.0/async/mux_async_iterator.ts": "770a0ff26c59f8bbbda6b703a2235f04e379f73238e8d66a087edc68c2a2c35f",
    "https://deno.land/std@0.168.0/async/pool.ts": "6854d8cd675a74c73391c82005cbbe4cc58183bddcd1fbbd7c2bcda42b61cf69",
    "https://deno.land/std@0.168.0/async/retry.ts": "e8e5173623915bbc0ddc537698fa418cf875456c347eda1ed453528645b42e67",
    "https://deno.land/std@0.168.0/async/tee.ts": "3a47cc4e9a940904fd4341f0224907e199121c80b831faa5ec2b054c6d2eff5e",
    "https://deno.land/std@0.168.0/http/server.ts": "e99c1bee8a3f6571ee4cdeb2966efad465b8f6fe62bec1bdb59c1f007cc4d155",
    "https://esm.sh/@supabase/auth-js@2.81.0/denonext/auth-js.mjs": "b5fd37fcb23c29d8aced42fa5860351b2c3cdf6c93f682f5ad18eae9a5ec975f",
    "https://esm.sh/@supabase/auth-js@2.84.0/denonext/auth-js.mjs": "61e3b0ad4ad68e2aa3ce0bb83c1084caecc6899cdc9b9e4b230212f8e0c44615",
    "https://esm.sh/@supabase/functions-js@2.81.0/denonext/functions-js.mjs": "9d372092ef779df5229d5dfdb99418b18a3ca13aa2c75bdfc2bb800152e63209",
    "https://esm.sh/@supabase/functions-js@2.84.0/denonext/functions-js.mjs": "016355f24757e593e29ae3347332b30049a8f2f6b55bd7e7a2caf7a577696f85",
    "https://esm.sh/@supabase/postgrest-js@2.81.0/denonext/postgrest-js.mjs": "06f7dfb7d7a12928ca6b032ff85c08da7e615bde3d6ce8296a15f6e5275b9c67",
    "https://esm.sh/@supabase/postgrest-js@2.84.0/denonext/postgrest-js.mjs": "78de00f3fca3c53f81c5765d0b960e01718a0e1164728e60b835299542fbb0d2",
    "https://esm.sh/@supabase/realtime-js@2.81.0/denonext/realtime-js.mjs": "9dd5143d77cf76c29eeaba47d275ba175b1757d95de746c6ac47dcc9cc20dc35",
    "https://esm.sh/@supabase/realtime-js@2.84.0/denonext/realtime-js.mjs": "dccd1e457b9151c162ad84985eaa76075a59250cdd36c244872d14b80a55ed25",
    "https://esm.sh/@supabase/storage-js@2.81.0/denonext/storage-js.mjs": "a1fd4ba5177e3929f8ef2d0e3a67925bc2a8fe3a44842c86ed272fe8ab4d32ac",
    "https://esm.sh/@supabase/storage-js@2.84.0/denonext/storage-js.mjs": "ef21eb110d5b1c9586f6acaa2070706bd7b9f3799a8f14f262a36f85ee7bb13e",
    "https://esm.sh/@supabase/supabase-js@2.81.0": "3770fbb84be9073d4e9961daf72e0b750d9af22be7798386a487e653ab8ce0b5",
    "https://esm.sh/@supabase/supabase-js@2.81.0/denonext/supabase-js.mjs": "14d334ff59edbb57f86e22c7b63ffe9b0ba16987884b7cbcd028d460714a57fc",
    "https://esm.sh/@supabase/supabase-js@2.84.0": "4a536f134c4bae61c5ec9d2f849c0bafc40c7ee7e85ca61f075c016fab17a693",
    "https://esm.sh/@supabase/supabase-js@2.84.0/denonext/supabase-js.mjs": "78718e70577f3505e37b515ca7983ac61689864180b9e2cfb130486252919876",
    "https://esm.sh/openai@6.8.1": "1fad17c58b76629e94b7d0a5a8581bf13be19540b61afcb93503ffc3a2520ba9",
    "https://esm.sh/openai@6.8.1/denonext/azure.mjs": "66010fdf9f7a04dfaa598382c1f943ff6d362a80f9ace551bbd81d411c4b9b6b",
    "https://esm.sh/openai@6.8.1/denonext/client.mjs": "9cc115873d4f5d97ebb3e16d049b4dd1f695034ab51f1a90a5a942f56ac3ea9f",
    "https://esm.sh/openai@6.8.1/denonext/core/api-promise.mjs": "9a4384b7c0f00bbe7722fa6022cae27003172f586f418cbf9cdfafbe743a86f7",
    "https://esm.sh/openai@6.8.1/denonext/core/error.mjs": "f66935d051ac825282a0cf2c3b59142b396b11f81d8f80633002e6c769bec791",
    "https://esm.sh/openai@6.8.1/denonext/core/pagination.mjs": "a4d3c0903f48521971f44ca90f705029d0f6b59648ae769629a5f05cb6590e5d",
    "https://esm.sh/openai@6.8.1/denonext/core/resource.mjs": "f1dfe8fc80718649cbb81e41abd04092d790fb686268daa673ca523471985c0c",
    "https://esm.sh/openai@6.8.1/denonext/core/streaming.mjs": "1c3f76d80e2e21fae6c7edc24342dfd7116ced50f85014ec5ba22fb782e55bf8",
    "https://esm.sh/openai@6.8.1/denonext/core/uploads.mjs": "9aeadd79d745718c96abbb9962a3571ef78ab684d9149a7f81e6e380c15b4335",
    "https://esm.sh/openai@6.8.1/denonext/error.mjs": "d5d82157a94d5ac28363358030da7113a7a761ce413376f532914938c6f3734d",
    "https://esm.sh/openai@6.8.1/denonext/internal/errors.mjs": "4aa12453eeedfc4d9e62d9bccb4aebc13c48013214a5e0afa0913f3bbdf841aa",
    "https://esm.sh/openai@6.8.1/denonext/internal/headers.mjs": "ef2f93d1eca6ef18a645904dbdba2711d78eee35b277aa7165434c2869261f13",
    "https://esm.sh/openai@6.8.1/denonext/internal/parse.mjs": "6b8c54a9e14242bcb33145878288b25b3810f59fc81b5202969ece9642240339",
    "https://esm.sh/openai@6.8.1/denonext/internal/shims.mjs": "dd006d45c93c49147e30a082bdd96096097a472848d26f36e9194282f36a1465",
    "https://esm.sh/openai@6.8.1/denonext/internal/tslib.mjs": "0a56f49745f2c07a7814857024cd44270f699dd807beaf25fe6d752d54053277",
    "https://esm.sh/openai@6.8.1/denonext/internal/uploads.mjs": "8a45c8791b17736a0f775dc17bce74aad25b0d7b96ba5522322ad650f42ae469",
    "https://esm.sh/openai@6.8.1/denonext/internal/utils.mjs": "972294a553e7c81ce21a5e03f6aa2dd2137a6f021390017d91be58e846fd730a",
    "https://esm.sh/openai@6.8.1/denonext/internal/utils/bytes.mjs": "7c39efc0bc7d4eb5031eda5e6848cae755cc81e271df38f9458b1de953d32ccd",
    "https://esm.sh/openai@6.8.1/denonext/internal/utils/env.mjs": "b6754ec2dee2585077137c8c188be77539c98a31d897f96dc02d44594dffb8ae",
    "https://esm.sh/openai@6.8.1/denonext/internal/utils/log.mjs": "a57f228e47e7f826e1b1c2015ec883d9e6fcd71db509918d160365fe9724b56d",
    "https://esm.sh/openai@6.8.1/denonext/internal/utils/path.mjs": "4328bff3150d7b39bc39b8e69a9f827d76b40b33d4d4b212fe121321bafdd2e6",
    "https://esm.sh/openai@6.8.1/denonext/internal/utils/sleep.mjs": "d4ac3d001525f6f2fc4b2851a5d433386845401e9258c4ff2830176fa420a45b",
    "https://esm.sh/openai@6.8.1/denonext/internal/utils/uuid.mjs": "2aa6a88b5c590d882b69731bf5671cddb458998e8cad058b82801d506bf5566e",
    "https://esm.sh/openai@6.8.1/denonext/internal/utils/values.mjs": "2ccb3ed461f8d876d410d614bf95b8c658719c27b676f49aafbb335d290c1d55",
    "https://esm.sh/openai@6.8.1/denonext/lib/AbstractChatCompletionRunner.mjs": "d7d423270db74b88a34662a6b86df68377581b969d79a4853b0607a16bb9d3d2",
    "https://esm.sh/openai@6.8.1/denonext/lib/EventStream.mjs": "911096ba153cf346f7634b587e2fa1afd31b8645bcde4b47edcff5d9ccc8884e",
    "https://esm.sh/openai@6.8.1/denonext/lib/RunnableFunction.mjs": "b58c4a06e3a40f8ff28167a43827b8af1c80aea694df142f6b61d71e96b1afc7",
    "https://esm.sh/openai@6.8.1/denonext/lib/chatCompletionUtils.mjs": "f4aa4e735de96c5bcfd5c62d3ca4f1db5412fa512ae42884dde3c09f2217e04b",
    "https://esm.sh/openai@6.8.1/denonext/lib/parser.mjs": "37d6fe4d0d627e6c8fa2bb247352c12132e9db00fd0df05f6b4b0f080611dfa4",
    "https://esm.sh/openai@6.8.1/denonext/openai.mjs": "a67572a145983809db952940aa9266ee66574d57cc50a714a6cbe207229aeede",
    "https://esm.sh/openai@6.8.1/denonext/resources/audio/audio.mjs": "1be45348095cc06f2b0fe9393aa93b4073ef9d318a23a03f7032fd102ef6fb01",
    "https://esm.sh/openai@6.8.1/denonext/resources/batches.mjs": "e163e8cd5f61106544df721e085728c7e8a304955554c59c7f954fb4949eb813",
    "https://esm.sh/openai@6.8.1/denonext/resources/beta/beta.mjs": "4c28ed0f1c89d0a2b21d3e884c1e302cb30a3f75ad4ce5d6eccdbda86886130a",
    "https://esm.sh/openai@6.8.1/denonext/resources/chat/chat.mjs": "307b1f0b091ae51d96e37675dc3ca73e973ea1437f63154380b54b32be04e032",
    "https://esm.sh/openai@6.8.1/denonext/resources/chat/completions/index.mjs": "62d2f31787d610108c22c4e35144007cbfc34fa970ebf1b6a87896e60e3ad8da",
    "https://esm.sh/openai@6.8.1/denonext/resources/completions.mjs": "49a228b9a61ab1edb9b66b7358834fe4b420b9a5ed77c55c1e3faf54c0fe4e7d",
    "https://esm.sh/openai@6.8.1/denonext/resources/containers/containers.mjs": "5ffb79b77f4932cd0c58167908cd8fbc1573f300cf61d616256d257c625268b1",
    "https://esm.sh/openai@6.8.1/denonext/resources/conversations/conversations.mjs": "8a6e9a5497d0118d421825e32c808b31fbb7989a441d885b4c5e34e3bac9aed5",
    "https://esm.sh/openai@6.8.1/denonext/resources/embeddings.mjs": "8c8145a2242057fb534585781a2e6bb6acdc70d3c5c632ffcad1cbe40b3f3079",
    "https://esm.sh/openai@6.8.1/denonext/resources/evals/evals.mjs": "677fda8c135e4e44c0b47d59747c452130aa1a1a96521199c2e8de903042c43e",
    "https://esm.sh/openai@6.8.1/denonext/resources/files.mjs": "d20ac5f9e07dabd428fff62bf91746d2f44ca355ccdb25c38d69e6c0a29e3464",
    "https://esm.sh/openai@6.8.1/denonext/resources/fine-tuning/fine-tuning.mjs": "859c543fca5a65038ec16182e0b1e77c53850023284af75daf0fed76cf973902",
    "https://esm.sh/openai@6.8.1/denonext/resources/graders/graders.mjs": "9c39f92e9b0ec6e158b795496330287074779ef403335d33689d0f5ac302613f",
    "https://esm.sh/openai@6.8.1/denonext/resources/images.mjs": "598b2a97cc9083c5946f17860f569710676ce2101e858121ca6affa14f45fd72",
    "https://esm.sh/openai@6.8.1/denonext/resources/index.mjs": "afdea36badeac913633853d7bbe09b43d112d7bac26b8ebea51b6060eb1ace66",
    "https://esm.sh/openai@6.8.1/denonext/resources/models.mjs": "f8f1051f23869bb85da6fd758b554aaa5e7241097659d2d11c1ff40e85c8acb5",
    "https://esm.sh/openai@6.8.1/denonext/resources/moderations.mjs": "d5e072fe36d0ab4ea94b850544dd9dfd9889886d43c5a289607f9bc94b0f2941",
    "https://esm.sh/openai@6.8.1/denonext/resources/realtime/realtime.mjs": "129d2d7bf27140dced81bf6e420d6317bb6128041ff5322a44296f8ccc870c3e",
    "https://esm.sh/openai@6.8.1/denonext/resources/responses/responses.mjs": "d9ed5e1deccb5c28916a67f981a2b30081180150eff88acda843b85ab53d9074",
    "https://esm.sh/openai@6.8.1/denonext/resources/uploads/uploads.mjs": "ef1c90992e99308bfdfd0028b0370cc4c666c515bdddf6940cd97936808d726b",
    "https://esm.sh/openai@6.8.1/denonext/resources/vector-stores/vector-stores.mjs": "3c9ea7395983805e194791841c438abd179ee96fc4d71405c7c16314b604d1aa",
    "https://esm.sh/openai@6.8.1/denonext/resources/videos.mjs": "34030bbb70bda0184aa1fda9c6f37f9b3ec2808172bff5cba277621ecf2469b2",
    "https://esm.sh/openai@6.8.1/denonext/resources/webhooks.mjs": "4a85f8dcb7f9abe3f17fdb4c627f8767a3414efd3d1ed0133ac4c71f97ee3946",
    "https://esm.sh/openai@6.8.1/denonext/streaming.mjs": "55df43060c5824a979a7bc13b963ebc7ebc232dd061024dd6881d01ab03b203a",
    "https://esm.sh/openai@6.8.1/denonext/version.mjs": "93807b42658ec1788d0c29a39d28a2a9b0aef2e638c0aa5eb910b2409fc2c58e",
    "https://esm.sh/openai@6.9.1": "c20ff5afd233dda401007c093baf309b1d652354efb0e39dd23b9a2e4340a53b",
    "https://esm.sh/openai@6.9.1/denonext/azure.mjs": "1961c459d64c3dd9b9d43a93341b82e3cc2ec357d71c8442dc032f1509339e37",
    "https://esm.sh/openai@6.9.1/denonext/client.mjs": "c60681e663e8577d958e1bce820547697a746330fee2c4b79242ae91be8f0046",
    "https://esm.sh/openai@6.9.1/denonext/core/api-promise.mjs": "18894416c2cefbb7769f684d969585f143c038fb2774b6d14db133afb7bbced3",
    "https://esm.sh/openai@6.9.1/denonext/core/error.mjs": "c8edb785ee93cdd302c9323b4d89011e25d764e870b508be3be0ebb17a9b91d8",
    "https://esm.sh/openai@6.9.1/denonext/core/pagination.mjs": "2352b5a29ce4f4a51c5daf7034978d5239f2554b29e731dcab787a836276a907",
    "https://esm.sh/openai@6.9.1/denonext/core/resource.mjs": "ba026294b9bcacb5802e3b3bb340aa8273a1af6a311118db3b15014e56a7fcfa",
    "https://esm.sh/openai@6.9.1/denonext/core/streaming.mjs": "f79097e2fd22304b12de6b166deff4531d0e577a4c15599cabe6371034eea476",
    "https://esm.sh/openai@6.9.1/denonext/core/uploads.mjs": "f326c60c12574ede70205d909773a9ffc7f10039d92e15a617b441443ab418ce",
    "https://esm.sh/openai@6.9.1/denonext/error.mjs": "be63e76ae49647ffc6b2a21b97867e47c0dff689a76c126689413343cfac72ae",
    "https://esm.sh/openai@6.9.1/denonext/internal/errors.mjs": "fa9536fac73452f18377f674394d28e066245ac03057bdca6be3f230660b89d0",
    "https://esm.sh/openai@6.9.1/denonext/internal/headers.mjs": "1ec4bc3535b4a1e4e6beed399e112f1e5590e935f402742375430fdafc8cdb34",
    "https://esm.sh/openai@6.9.1/denonext/internal/parse.mjs": "e18b2cb2f5d1157e5906cfc68513bb6bd922bc90edb186e0c3e901e06700972c",
    "https://esm.sh/openai@6.9.1/denonext/internal/shims.mjs": "a01511156fb920f21e2054e9a65e579a281c4f0b5565fb7eae684e12c19d5e74",
    "https://esm.sh/openai@6.9.1/denonext/internal/tslib.mjs": "e0adde424f92877e2e9919cdf200c150d891e03734392c35735952f9f6eb1663",
    "https://esm.sh/openai@6.9.1/denonext/internal/uploads.mjs": "3d0e460241a675b22612e0d6094ab5aa7f88046aef732921061549ebe9963f5e",
    "https://esm.sh/openai@6.9.1/denonext/internal/utils.mjs": "6c2419abc8d90ec90903d096e2b828a4686fd35435fd037bd9b904b62dd6afe5",
    "https://esm.sh/openai@6.9.1/denonext/internal/utils/bytes.mjs": "194a3378e719f96b58986018c5ac8eba7f660406e0842a0fbb0dd820b0123d00",
    "https://esm.sh/openai@6.9.1/denonext/internal/utils/env.mjs": "ec18ce1f4aa730c5239361a817a853bc376a2cd2d57e51c2025afacac7b39719",
    "https://esm.sh/openai@6.9.1/denonext/internal/utils/log.mjs": "1ed86e9ccdb45b26d02d1dded34bf3441e624eeebd8170ed4f81d5e3890f78db",
    "https://esm.sh/openai@6.9.1/denonext/internal/utils/path.mjs": "4c0b3a00569de61bc3aab1a448c9d47b18603c701702475af525be2ef11cbc3d",
    "https://esm.sh/openai@6.9.1/denonext/internal/utils/sleep.mjs": "69725830bf1851f0f0b02da48fd429d78e2a9aa9b35c87a67e34fb256ce54860",
    "https://esm.sh/openai@6.9.1/denonext/internal/utils/uuid.mjs": "bc89b73751f5158493dee98be62de5bd16a709e0fdf98f2edc81249dc89db0ed",
    "https://esm.sh/openai@6.9.1/denonext/internal/utils/values.mjs": "a8ca47d6c446d3061e8591357da8d5dbfa80ed58241b4bf9a50bcc8872b5a130",
    "https://esm.sh/openai@6.9.1/denonext/lib/AbstractChatCompletionRunner.mjs": "5498b96e8bd0e763ee8767d82dd6143b3e0c00565e25b9c7008226ba64f97f5e",
    "https://esm.sh/openai@6.9.1/denonext/lib/EventStream.mjs": "d7e065250b0549caed58e78bada0eafcf9cc330011bd647deec31ad655d222ee",
    "https://esm.sh/openai@6.9.1/denonext/lib/RunnableFunction.mjs": "9f0abb553ce16729e07428c9ede9a8eb09a260cf0cd3618f64483360309f9d58",
    "https://esm.sh/openai@6.9.1/denonext/lib/chatCompletionUtils.mjs": "888345065f713fa3cb451cd75a9c0587d40dd3c71098171926fb9c290869c9bc",
    "https://esm.sh/openai@6.9.1/denonext/lib/parser.mjs": "012ccf6218eee431b98084dc5f71015a438876ff4389b1bb02b09b7815c4e410",
    "https://esm.sh/openai@6.9.1/denonext/openai.mjs": "a7e8d506252a193fbf1ee48390c5ad5beba6a8815b8736db5dc29b327cb5d003",
    "https://esm.sh/openai@6.9.1/denonext/resources/audio/audio.mjs": "5049e530939b9382737e055afbf8d6d87ea8457e1ed86cf667bb4953c8c09d44",
    "https://esm.sh/openai@6.9.1/denonext/resources/batches.mjs": "6aa0f49ef65ec2fa3f4c1ce7ce88f30a783993f99d593c849b7820785228e068",
    "https://esm.sh/openai@6.9.1/denonext/resources/beta/beta.mjs": "a9af43c837bc3f29a52f3275721dba33345c02418bce7dfa7e683e8c5d84c320",
    "https://esm.sh/openai@6.9.1/denonext/resources/chat/chat.mjs": "341b6444cdf9d9a7985d67dc45c3247e3e203cd130ffeb0639e6fc7cb1ae158f",
    "https://esm.sh/openai@6.9.1/denonext/resources/chat/completions/index.mjs": "0822b8e281807c714119d97fda35d4b49d59186a3c3f8cba5650a6ad89ba0102",
    "https://esm.sh/openai@6.9.1/denonext/resources/completions.mjs": "1cb0edfde71c2e45fbb86ff68989af2ce66b4fd87d0ce3f24bc25fbac67b654f",
    "https://esm.sh/openai@6.9.1/denonext/resources/containers/containers.mjs": "e65252117ee9777f9b1fc84882a3a60404fc4d6e3aaaf9ac388dc9e79924ff83",
    "https://esm.sh/openai@6.9.1/denonext/resources/conversations/conversations.mjs": "3a53a0cf6cea02edb07c81b64b30fa3f14b11a461cc9cee04916a30262254d44",
    "https://esm.sh/openai@6.9.1/denonext/resources/embeddings.mjs": "f8cd6cf0c5105fbf78764e8ba39659cfcfc39e0d8b2281b0a680eee3c94f017e",
    "https://esm.sh/openai@6.9.1/denonext/resources/evals/evals.mjs": "c52f81e4be8a5da5c73c503cacac6f4b8e266d5f756886a237a05ac0b03d842e",
    "https://esm.sh/openai@6.9.1/denonext/resources/files.mjs": "46f78f5cbfb4a61b7a776fa8429927fe9bc60198419dd1f5873a028ad0357706",
    "https://esm.sh/openai@6.9.1/denonext/resources/fine-tuning/fine-tuning.mjs": "1f95681435bd2797feb9c42ec9c104ce3aa59a7d7182d903fcf042408b2a5557",
    "https://esm.sh/openai@6.9.1/denonext/resources/graders/graders.mjs": "5b2b4b79a714a0eac2480092f3d3a63a26ed86532cc54224d9b09dd6cdb944ab",
    "https://esm.sh/openai@6.9.1/denonext/resources/images.mjs": "82569709e80b8a8fe50497727f42e3b011846b79298777d043337b10d9e4ae01",
    "https://esm.sh/openai@6.9.1/denonext/resources/index.mjs": "c3e6d155429a81a564734622bf6fbbd76d629a668c4b379232c2c5ab5dbb8228",
    "https://esm.sh/openai@6.9.1/denonext/resources/models.mjs": "08cfd4b82aa830ed245a1cbb6ad210294d0447659f291ea4212f0a83b6b007c7",
    "https://esm.sh/openai@6.9.1/denonext/resources/moderations.mjs": "a7a227fdf2e605fa8deb66246f0eae8705f88e70383fc2e75548bcc957e1bfb0",
    "https://esm.sh/openai@6.9.1/denonext/resources/realtime/realtime.mjs": "774eaf3b9c3ca81c3f669a4dfa136ed367258d0d8009735851470d3ec41bed7d",
    "https://esm.sh/openai@6.9.1/denonext/resources/responses/responses.mjs": "1a57c12f2628d91c41e3d99a655f0fe5bf2b0caa8c5a345321cf1c91e5d08080",
    "https://esm.sh/openai@6.9.1/denonext/resources/uploads/uploads.mjs": "8a42a4387bcd32fd59eb981497fb5eab73dee81b9714491a8244c10172dcc2af",
    "https://esm.sh/openai@6.9.1/denonext/resources/vector-stores/vector-stores.mjs": "e8ad3631502edd4b45a24d592631e0cf93ecff6adc435dea5ed5de80c5e35ba7",
    "https://esm.sh/openai@6.9.1/denonext/resources/videos.mjs": "b74dcb3c9307bf4aa46c79ee1d037d3c53b355dd96eae877ae7ab6c260ea4edf",
    "https://esm.sh/openai@6.9.1/denonext/resources/webhooks.mjs": "e847e38622083f7662d29780167eefd89f3caca3fe67f9fbac771bd09137e152",
    "https://esm.sh/openai@6.9.1/denonext/streaming.mjs": "bd290d92150a94452f583da9ee6afd3cec1415d69d112148516e2f43ae8f15fb",
    "https://esm.sh/openai@6.9.1/denonext/version.mjs": "a84d992148c365bde3758d518f1b363d0863ea04fdf6488883c238e33075243f",
    "https://esm.sh/tslib@2.8.1/denonext/tslib.mjs": "ebce3cd5facb654623020337f867b426ba95f71596ba87acc9e6c6f4e55905ca"
  },
  "workspace": {
    "packageJson": {
      "dependencies": [
        "npm:@hookform/resolvers@^5.2.2",
        "npm:@radix-ui/react-accordion@^1.2.12",
        "npm:@radix-ui/react-alert-dialog@^1.1.15",
        "npm:@radix-ui/react-avatar@^1.1.11",
        "npm:@radix-ui/react-collapsible@^1.1.12",
        "npm:@radix-ui/react-dialog@^1.1.15",
        "npm:@radix-ui/react-dropdown-menu@^2.1.16",
        "npm:@radix-ui/react-label@^2.1.8",
        "npm:@radix-ui/react-popover@^1.1.15",
        "npm:@radix-ui/react-progress@^1.1.8",
        "npm:@radix-ui/react-scroll-area@^1.2.10",
        "npm:@radix-ui/react-select@^2.2.6",
        "npm:@radix-ui/react-separator@^1.1.8",
        "npm:@radix-ui/react-slot@^1.2.4",
        "npm:@radix-ui/react-tabs@^1.1.13",
        "npm:@radix-ui/react-tooltip@^1.2.8",
        "npm:@supabase/ssr@0.7",
        "npm:@supabase/supabase-js@^2.84.0",
        "npm:@tailwindcss/postcss@4",
        "npm:@tanstack/react-query-devtools@^5.91.0",
        "npm:@tanstack/react-query@^5.90.10",
        "npm:@tanstack/react-table@^8.21.3",
        "npm:@tanstack/react-virtual@^3.13.12",
        "npm:@types/lodash@^4.17.21",
        "npm:@types/node@20",
        "npm:@types/react-dom@19",
        "npm:@types/react@19",
        "npm:babel-plugin-react-compiler@1.0.0",
        "npm:browser-image-compression@^2.0.2",
        "npm:class-variance-authority@~0.7.1",
        "npm:clsx@^2.1.1",
        "npm:cmdk@^1.1.1",
        "npm:cookies-next@^6.1.1",
        "npm:date-fns@^4.1.0",
        "npm:eslint-config-next@16.0.3",
        "npm:eslint@9",
        "npm:framer-motion@^12.23.24",
        "npm:lodash@^4.17.21",
        "npm:lucide-react@0.554",
        "npm:next-intl@^4.5.5",
        "npm:next-themes@~0.4.6",
        "npm:next@16.0.3",
        "npm:nuqs@^2.8.1",
        "npm:openai@^6.9.1",
        "npm:react-day-picker@^9.11.1",
        "npm:react-dom@19.2.0",
        "npm:react-dropzone@^14.3.8",
        "npm:react-hook-form@^7.66.1",
        "npm:react@19.2.0",
        "npm:sonner@^2.0.7",
        "npm:supabase@^2.58.5",
        "npm:tailwind-merge@^3.4.0",
        "npm:tailwindcss@4",
        "npm:tus-js-client@^4.3.1",
        "npm:tw-animate-css@^1.4.0",
        "npm:typescript@5",
        "npm:zod@^4.1.12",
        "npm:zustand@^5.0.8"
      ]
    }
  }
}
